
Microsoft Visual Studio Solution File, Format Version 12.00
# Visual Studio 15
VisualStudioVersion = 15.0.28010.2003
MinimumVisualStudioVersion = 10.0.40219.1
Project("{2150E333-8FDC-42A3-9474-1A3956D46DE8}") = "Solution Items", "Solution Items", "{DDF55575-3E95-4C41-9514-733A2DDBA254}"
	ProjectSection(SolutionItems) = preProject
		策略模式.txt = 策略模式.txt
	EndProjectSection
EndProject
Project("{FAE04EC0-301F-11D3-BF4B-00C04F79EFBC}") = "Strategy1", "Strategy1\Strategy1.csproj", "{8C9CFA20-83C5-4B7D-9D29-52A82B53360F}"
EndProject
Project("{FAE04EC0-301F-11D3-BF4B-00C04F79EFBC}") = "Strategy2", "Strategy2\Strategy2.csproj", "{126D9F7D-B00C-48B2-AAB0-435B106C613C}"
EndProject
Project("{FAE04EC0-301F-11D3-BF4B-00C04F79EFBC}") = "Strategy3", "Strategy3\Strategy3.csproj", "{C27DA531-01DC-4CBF-B4F4-1103CA1CED2F}"
EndProject
Project("{FAE04EC0-301F-11D3-BF4B-00C04F79EFBC}") = "Strategy4", "Strategy4\Strategy4.csproj", "{5EF7362C-CE62-4D35-857D-E3B4E8E54211}"
EndProject
Project("{FAE04EC0-301F-11D3-BF4B-00C04F79EFBC}") = "Strategy5", "Strategy5\Strategy5.csproj", "{A3C917B3-93B5-461D-AEB3-8F3F9A9E8D33}"
EndProject
Project("{FAE04EC0-301F-11D3-BF4B-00C04F79EFBC}") = "Strategy6", "Strategy6\Strategy6.csproj", "{976A22B8-22EA-44F7-AEFB-C8D4E693A8FA}"
EndProject
Project("{FAE04EC0-301F-11D3-BF4B-00C04F79EFBC}") = "Strategy7", "Strategy7\Strategy7.csproj", "{59C09BDF-6057-45A1-B1E2-555BF817F028}"
EndProject
Global
	GlobalSection(SolutionConfigurationPlatforms) = preSolution
		Debug|Any CPU = Debug|Any CPU
		Release|Any CPU = Release|Any CPU
	EndGlobalSection
	GlobalSection(ProjectConfigurationPlatforms) = postSolution
		{8C9CFA20-83C5-4B7D-9D29-52A82B53360F}.Debug|Any CPU.ActiveCfg = Debug|Any CPU
		{8C9CFA20-83C5-4B7D-9D29-52A82B53360F}.Debug|Any CPU.Build.0 = Debug|Any CPU
		{8C9CFA20-83C5-4B7D-9D29-52A82B53360F}.Release|Any CPU.ActiveCfg = Release|Any CPU
		{8C9CFA20-83C5-4B7D-9D29-52A82B53360F}.Release|Any CPU.Build.0 = Release|Any CPU
		{126D9F7D-B00C-48B2-AAB0-435B106C613C}.Debug|Any CPU.ActiveCfg = Debug|Any CPU
		{126D9F7D-B00C-48B2-AAB0-435B106C613C}.Debug|Any CPU.Build.0 = Debug|Any CPU
		{126D9F7D-B00C-48B2-AAB0-435B106C613C}.Release|Any CPU.ActiveCfg = Release|Any CPU
		{126D9F7D-B00C-48B2-AAB0-435B106C613C}.Release|Any CPU.Build.0 = Release|Any CPU
		{C27DA531-01DC-4CBF-B4F4-1103CA1CED2F}.Debug|Any CPU.ActiveCfg = Debug|Any CPU
		{C27DA531-01DC-4CBF-B4F4-1103CA1CED2F}.Debug|Any CPU.Build.0 = Debug|Any CPU
		{C27DA531-01DC-4CBF-B4F4-1103CA1CED2F}.Release|Any CPU.ActiveCfg = Release|Any CPU
		{C27DA531-01DC-4CBF-B4F4-1103CA1CED2F}.Release|Any CPU.Build.0 = Release|Any CPU
		{5EF7362C-CE62-4D35-857D-E3B4E8E54211}.Debug|Any CPU.ActiveCfg = Debug|Any CPU
		{5EF7362C-CE62-4D35-857D-E3B4E8E54211}.Debug|Any CPU.Build.0 = Debug|Any CPU
		{5EF7362C-CE62-4D35-857D-E3B4E8E54211}.Release|Any CPU.ActiveCfg = Release|Any CPU
		{5EF7362C-CE62-4D35-857D-E3B4E8E54211}.Release|Any CPU.Build.0 = Release|Any CPU
		{A3C917B3-93B5-461D-AEB3-8F3F9A9E8D33}.Debug|Any CPU.ActiveCfg = Debug|Any CPU
		{A3C917B3-93B5-461D-AEB3-8F3F9A9E8D33}.Debug|Any CPU.Build.0 = Debug|Any CPU
		{A3C917B3-93B5-461D-AEB3-8F3F9A9E8D33}.Release|Any CPU.ActiveCfg = Release|Any CPU
		{A3C917B3-93B5-461D-AEB3-8F3F9A9E8D33}.Release|Any CPU.Build.0 = Release|Any CPU
		{976A22B8-22EA-44F7-AEFB-C8D4E693A8FA}.Debug|Any CPU.ActiveCfg = Debug|Any CPU
		{976A22B8-22EA-44F7-AEFB-C8D4E693A8FA}.Debug|Any CPU.Build.0 = Debug|Any CPU
		{976A22B8-22EA-44F7-AEFB-C8D4E693A8FA}.Release|Any CPU.ActiveCfg = Release|Any CPU
		{976A22B8-22EA-44F7-AEFB-C8D4E693A8FA}.Release|Any CPU.Build.0 = Release|Any CPU
		{59C09BDF-6057-45A1-B1E2-555BF817F028}.Debug|Any CPU.ActiveCfg = Debug|Any CPU
		{59C09BDF-6057-45A1-B1E2-555BF817F028}.Debug|Any CPU.Build.0 = Debug|Any CPU
		{59C09BDF-6057-45A1-B1E2-555BF817F028}.Release|Any CPU.ActiveCfg = Release|Any CPU
		{59C09BDF-6057-45A1-B1E2-555BF817F028}.Release|Any CPU.Build.0 = Release|Any CPU
	EndGlobalSection
	GlobalSection(SolutionProperties) = preSolution
		HideSolutionNode = FALSE
	EndGlobalSection
	GlobalSection(ExtensibilityGlobals) = postSolution
		SolutionGuid = {9AC9F8D9-D594-4D3F-AA4E-C1F3DCCDF37D}
	EndGlobalSection
EndGlobal
