
Microsoft Visual Studio Solution File, Format Version 12.00
# Visual Studio 15
VisualStudioVersion = 15.0.28010.2003
MinimumVisualStudioVersion = 10.0.40219.1
Project("{2150E333-8FDC-42A3-9474-1A3956D46DE8}") = "Solution Items", "Solution Items", "{948E33E3-ED06-4369-920E-9F404D82BE8B}"
	ProjectSection(SolutionItems) = preProject
		单一职责原则.txt = 单一职责原则.txt
	EndProjectSection
EndProject
Project("{FAE04EC0-301F-11D3-BF4B-00C04F79EFBC}") = "Tetris", "Tetris\Tetris.csproj", "{DC15701D-6F9B-408E-A4F8-E0D75AA3BDAA}"
EndProject
Global
	GlobalSection(SolutionConfigurationPlatforms) = preSolution
		Debug|Any CPU = Debug|Any CPU
		Release|Any CPU = Release|Any CPU
	EndGlobalSection
	GlobalSection(ProjectConfigurationPlatforms) = postSolution
		{DC15701D-6F9B-408E-A4F8-E0D75AA3BDAA}.Debug|Any CPU.ActiveCfg = Debug|Any CPU
		{DC15701D-6F9B-408E-A4F8-E0D75AA3BDAA}.Debug|Any CPU.Build.0 = Debug|Any CPU
		{DC15701D-6F9B-408E-A4F8-E0D75AA3BDAA}.Release|Any CPU.ActiveCfg = Release|Any CPU
		{DC15701D-6F9B-408E-A4F8-E0D75AA3BDAA}.Release|Any CPU.Build.0 = Release|Any CPU
	EndGlobalSection
	GlobalSection(SolutionProperties) = preSolution
		HideSolutionNode = FALSE
	EndGlobalSection
	GlobalSection(ExtensibilityGlobals) = postSolution
		SolutionGuid = {58523517-2F15-4180-BDE4-BBBCAD3839BC}
	EndGlobalSection
EndGlobal
