
Microsoft Visual Studio Solution File, Format Version 12.00
# Visual Studio Version 16
VisualStudioVersion = 16.0.29230.47
MinimumVisualStudioVersion = 10.0.40219.1
Project("{FAE04EC0-301F-11D3-BF4B-00C04F79EFBC}") = "CorsDemo", "CorsDemo\CorsDemo.csproj", "{DB8BF582-01CB-4CE0-98DF-47793DBE2DAC}"
EndProject
Global
	GlobalSection(SolutionConfigurationPlatforms) = preSolution
		Debug|Any CPU = Debug|Any CPU
		Release|Any CPU = Release|Any CPU
	EndGlobalSection
	GlobalSection(ProjectConfigurationPlatforms) = postSolution
		{DB8BF582-01CB-4CE0-98DF-47793DBE2DAC}.Debug|Any CPU.ActiveCfg = Debug|Any CPU
		{DB8BF582-01CB-4CE0-98DF-47793DBE2DAC}.Debug|Any CPU.Build.0 = Debug|Any CPU
		{DB8BF582-01CB-4CE0-98DF-47793DBE2DAC}.Release|Any CPU.ActiveCfg = Release|Any CPU
		{DB8BF582-01CB-4CE0-98DF-47793DBE2DAC}.Release|Any CPU.Build.0 = Release|Any CPU
	EndGlobalSection
	GlobalSection(SolutionProperties) = preSolution
		HideSolutionNode = FALSE
	EndGlobalSection
	GlobalSection(ExtensibilityGlobals) = postSolution
		SolutionGuid = {BB36FE82-40AA-4EBC-B704-C7980FAABD3E}
	EndGlobalSection
EndGlobal
