
Microsoft Visual Studio Solution File, Format Version 12.00
# Visual Studio Version 16
VisualStudioVersion = 16.0.29230.47
MinimumVisualStudioVersion = 10.0.40219.1
Project("{9A19103F-16F7-4668-BE54-9A1E7A4F7556}") = "WebApiDNSR", "WebApiDNSR\WebApiDNSR.csproj", "{4BEFB1F6-F1B3-40DC-8B1D-5503B04F0514}"
EndProject
Project("{9A19103F-16F7-4668-BE54-9A1E7A4F7556}") = "ConsoleDNSR", "ConsoleDNSR\ConsoleDNSR.csproj", "{BA7F1B62-5E59-4BDB-B1FD-638E86373DF4}"
EndProject
Global
	GlobalSection(SolutionConfigurationPlatforms) = preSolution
		Debug|Any CPU = Debug|Any CPU
		Release|Any CPU = Release|Any CPU
	EndGlobalSection
	GlobalSection(ProjectConfigurationPlatforms) = postSolution
		{4BEFB1F6-F1B3-40DC-8B1D-5503B04F0514}.Debug|Any CPU.ActiveCfg = Debug|Any CPU
		{4BEFB1F6-F1B3-40DC-8B1D-5503B04F0514}.Debug|Any CPU.Build.0 = Debug|Any CPU
		{4BEFB1F6-F1B3-40DC-8B1D-5503B04F0514}.Release|Any CPU.ActiveCfg = Release|Any CPU
		{4BEFB1F6-F1B3-40DC-8B1D-5503B04F0514}.Release|Any CPU.Build.0 = Release|Any CPU
		{BA7F1B62-5E59-4BDB-B1FD-638E86373DF4}.Debug|Any CPU.ActiveCfg = Debug|Any CPU
		{BA7F1B62-5E59-4BDB-B1FD-638E86373DF4}.Debug|Any CPU.Build.0 = Debug|Any CPU
		{BA7F1B62-5E59-4BDB-B1FD-638E86373DF4}.Release|Any CPU.ActiveCfg = Release|Any CPU
		{BA7F1B62-5E59-4BDB-B1FD-638E86373DF4}.Release|Any CPU.Build.0 = Release|Any CPU
	EndGlobalSection
	GlobalSection(SolutionProperties) = preSolution
		HideSolutionNode = FALSE
	EndGlobalSection
	GlobalSection(ExtensibilityGlobals) = postSolution
		SolutionGuid = {575CF0A9-EB5C-4CCA-8F29-C55E53547B18}
	EndGlobalSection
EndGlobal
