
Microsoft Visual Studio Solution File, Format Version 12.00
# Visual Studio 15
VisualStudioVersion = 15.0.28010.2003
MinimumVisualStudioVersion = 10.0.40219.1
Project("{FAE04EC0-301F-11D3-BF4B-00C04F79EFBC}") = "Console642", "Console642\Console642.csproj", "{66FC80F0-3159-4E3A-AC77-8B8DD8D96F59}"
EndProject
Global
	GlobalSection(SolutionConfigurationPlatforms) = preSolution
		Debug|Any CPU = Debug|Any CPU
		Release|Any CPU = Release|Any CPU
	EndGlobalSection
	GlobalSection(ProjectConfigurationPlatforms) = postSolution
		{66FC80F0-3159-4E3A-AC77-8B8DD8D96F59}.Debug|Any CPU.ActiveCfg = Debug|Any CPU
		{66FC80F0-3159-4E3A-AC77-8B8DD8D96F59}.Debug|Any CPU.Build.0 = Debug|Any CPU
		{66FC80F0-3159-4E3A-AC77-8B8DD8D96F59}.Release|Any CPU.ActiveCfg = Release|Any CPU
		{66FC80F0-3159-4E3A-AC77-8B8DD8D96F59}.Release|Any CPU.Build.0 = Release|Any CPU
	EndGlobalSection
	GlobalSection(SolutionProperties) = preSolution
		HideSolutionNode = FALSE
	EndGlobalSection
	GlobalSection(ExtensibilityGlobals) = postSolution
		SolutionGuid = {9E42888F-C66D-4E6E-9D55-31A6F55FEB3F}
	EndGlobalSection
EndGlobal
