
Microsoft Visual Studio Solution File, Format Version 12.00
# Visual Studio 15
VisualStudioVersion = 15.0.28010.2003
MinimumVisualStudioVersion = 10.0.40219.1
Project("{2150E333-8FDC-42A3-9474-1A3956D46DE8}") = "Solution Items", "Solution Items", "{B1F72572-46E3-434E-B6DB-CE71D6295D20}"
	ProjectSection(SolutionItems) = preProject
		开放闭合原则.txt = 开放闭合原则.txt
	EndProjectSection
EndProject
Global
	GlobalSection(SolutionProperties) = preSolution
		HideSolutionNode = FALSE
	EndGlobalSection
	GlobalSection(ExtensibilityGlobals) = postSolution
		SolutionGuid = {D687DF54-9AE8-4F24-84ED-B689FE7B9832}
	EndGlobalSection
EndGlobal
