
Microsoft Visual Studio Solution File, Format Version 12.00
# Visual Studio Version 16
VisualStudioVersion = 16.0.29230.47
MinimumVisualStudioVersion = 10.0.40219.1
Project("{FAE04EC0-301F-11D3-BF4B-00C04F79EFBC}") = "CoreHealth", "CoreHealth\CoreHealth.csproj", "{2A4DCEBD-2C24-4ADB-B505-EA954D533BAB}"
EndProject
Global
	GlobalSection(SolutionConfigurationPlatforms) = preSolution
		Debug|Any CPU = Debug|Any CPU
		Release|Any CPU = Release|Any CPU
	EndGlobalSection
	GlobalSection(ProjectConfigurationPlatforms) = postSolution
		{2A4DCEBD-2C24-4ADB-B505-EA954D533BAB}.Debug|Any CPU.ActiveCfg = Debug|Any CPU
		{2A4DCEBD-2C24-4ADB-B505-EA954D533BAB}.Debug|Any CPU.Build.0 = Debug|Any CPU
		{2A4DCEBD-2C24-4ADB-B505-EA954D533BAB}.Release|Any CPU.ActiveCfg = Release|Any CPU
		{2A4DCEBD-2C24-4ADB-B505-EA954D533BAB}.Release|Any CPU.Build.0 = Release|Any CPU
	EndGlobalSection
	GlobalSection(SolutionProperties) = preSolution
		HideSolutionNode = FALSE
	EndGlobalSection
	GlobalSection(ExtensibilityGlobals) = postSolution
		SolutionGuid = {8A033408-77A2-4DD0-8DD5-FA476BA7AC44}
	EndGlobalSection
EndGlobal
